// !$*UTF8*$!
{
	archiveVersion = 1;
	classes = {
	};
	objectVersion = 46;
	objects = {

/* Begin PBXBuildFile section */
		9954F28B190ADAC9006B788C /* Foundation.framework in Frameworks */ = {isa = PBXBuildFile; fileRef = 9954F28A190ADAC9006B788C /* Foundation.framework */; };
		9954F28D190ADAC9006B788C /* CoreGraphics.framework in Frameworks */ = {isa = PBXBuildFile; fileRef = 9954F28C190ADAC9006B788C /* CoreGraphics.framework */; };
		9954F28F190ADAC9006B788C /* UIKit.framework in Frameworks */ = {isa = PBXBuildFile; fileRef = 9954F28E190ADAC9006B788C /* UIKit.framework */; };
		9954F295190ADAC9006B788C /* InfoPlist.strings in Resources */ = {isa = PBXBuildFile; fileRef = 9954F293190ADAC9006B788C /* InfoPlist.strings */; };
		9954F297190ADAC9006B788C /* main.m in Sources */ = {isa = PBXBuildFile; fileRef = 9954F296190ADAC9006B788C /* main.m */; };
		9954F29B190ADAC9006B788C /* SAppDelegate.m in Sources */ = {isa = PBXBuildFile; fileRef = 9954F29A190ADAC9006B788C /* SAppDelegate.m */; };
		9954F29E190ADAC9006B788C /* Main.storyboard in Resources */ = {isa = PBXBuildFile; fileRef = 9954F29C190ADAC9006B788C /* Main.storyboard */; };
		9954F2A1190ADAC9006B788C /* SViewController.m in Sources */ = {isa = PBXBuildFile; fileRef = 9954F2A0190ADAC9006B788C /* SViewController.m */; };
		9954F2A3190ADAC9006B788C /* Images.xcassets in Resources */ = {isa = PBXBuildFile; fileRef = 9954F2A2190ADAC9006B788C /* Images.xcassets */; };
		9954F2AA190ADAC9006B788C /* XCTest.framework in Frameworks */ = {isa = PBXBuildFile; fileRef = 9954F2A9190ADAC9006B788C /* XCTest.framework */; };
		9954F2AB190ADAC9006B788C /* Foundation.framework in Frameworks */ = {isa = PBXBuildFile; fileRef = 9954F28A190ADAC9006B788C /* Foundation.framework */; };
		9954F2AC190ADAC9006B788C /* UIKit.framework in Frameworks */ = {isa = PBXBuildFile; fileRef = 9954F28E190ADAC9006B788C /* UIKit.framework */; };
		9954F2B4190ADAC9006B788C /* InfoPlist.strings in Resources */ = {isa = PBXBuildFile; fileRef = 9954F2B2190ADAC9006B788C /* InfoPlist.strings */; };
		9954F2B6190ADAC9006B788C /* HelloKiiTests.m in Sources */ = {isa = PBXBuildFile; fileRef = 9954F2B5190ADAC9006B788C /* HelloKiiTests.m */; };
		99B749CF190BB78500D6ED96 /* KiiSDK.framework in Frameworks */ = {isa = PBXBuildFile; fileRef = 99B749CE190BB78500D6ED96 /* KiiSDK.framework */; };
		99B749D1190BB7F100D6ED96 /* MobileCoreServices.framework in Frameworks */ = {isa = PBXBuildFile; fileRef = 99B749D0190BB7F100D6ED96 /* MobileCoreServices.framework */; };
		99B749D3190BB7FE00D6ED96 /* Accounts.framework in Frameworks */ = {isa = PBXBuildFile; fileRef = 99B749D2190BB7FE00D6ED96 /* Accounts.framework */; };
		99B749D5190BB80A00D6ED96 /* Social.framework in Frameworks */ = {isa = PBXBuildFile; fileRef = 99B749D4190BB80A00D6ED96 /* Social.framework */; };
		99B749D7190BB81700D6ED96 /* ImageIO.framework in Frameworks */ = {isa = PBXBuildFile; fileRef = 99B749D6190BB81700D6ED96 /* ImageIO.framework */; };
		99B749D9190BB82900D6ED96 /* libsqlite3.dylib in Frameworks */ = {isa = PBXBuildFile; fileRef = 99B749D8190BB82900D6ED96 /* libsqlite3.dylib */; };
		99B749DC190BB86400D6ED96 /* SKii_Util.m in Sources */ = {isa = PBXBuildFile; fileRef = 99B749DB190BB86400D6ED96 /* SKii_Util.m */; };
		99B749E1190BBC1200D6ED96 /* SEntryViewController.m in Sources */ = {isa = PBXBuildFile; fileRef = 99B749E0190BBC1200D6ED96 /* SEntryViewController.m */; };
/* End PBXBuildFile section */

/* Begin PBXContainerItemProxy section */
		9954F2AD190ADAC9006B788C /* PBXContainerItemProxy */ = {
			isa = PBXContainerItemProxy;
			containerPortal = 9954F27F190ADAC9006B788C /* Project object */;
			proxyType = 1;
			remoteGlobalIDString = 9954F286190ADAC9006B788C;
			remoteInfo = HelloKii;
		};
/* End PBXContainerItemProxy section */

/* Begin PBXFileReference section */
		9954F287190ADAC9006B788C /* HelloKii.app */ = {isa = PBXFileReference; explicitFileType = wrapper.application; includeInIndex = 0; path = HelloKii.app; sourceTree = BUILT_PRODUCTS_DIR; };
		9954F28A190ADAC9006B788C /* Foundation.framework */ = {isa = PBXFileReference; lastKnownFileType = wrapper.framework; name = Foundation.framework; path = System/Library/Frameworks/Foundation.framework; sourceTree = SDKROOT; };
		9954F28C190ADAC9006B788C /* CoreGraphics.framework */ = {isa = PBXFileReference; lastKnownFileType = wrapper.framework; name = CoreGraphics.framework; path = System/Library/Frameworks/CoreGraphics.framework; sourceTree = SDKROOT; };
		9954F28E190ADAC9006B788C /* UIKit.framework */ = {isa = PBXFileReference; lastKnownFileType = wrapper.framework; name = UIKit.framework; path = System/Library/Frameworks/UIKit.framework; sourceTree = SDKROOT; };
		9954F292190ADAC9006B788C /* HelloKii-Info.plist */ = {isa = PBXFileReference; lastKnownFileType = text.plist.xml; path = "HelloKii-Info.plist"; sourceTree = "<group>"; };
		9954F294190ADAC9006B788C /* en */ = {isa = PBXFileReference; lastKnownFileType = text.plist.strings; name = en; path = en.lproj/InfoPlist.strings; sourceTree = "<group>"; };
		9954F296190ADAC9006B788C /* main.m */ = {isa = PBXFileReference; lastKnownFileType = sourcecode.c.objc; path = main.m; sourceTree = "<group>"; };
		9954F298190ADAC9006B788C /* HelloKii-Prefix.pch */ = {isa = PBXFileReference; lastKnownFileType = sourcecode.c.h; path = "HelloKii-Prefix.pch"; sourceTree = "<group>"; };
		9954F299190ADAC9006B788C /* SAppDelegate.h */ = {isa = PBXFileReference; lastKnownFileType = sourcecode.c.h; path = SAppDelegate.h; sourceTree = "<group>"; };
		9954F29A190ADAC9006B788C /* SAppDelegate.m */ = {isa = PBXFileReference; lastKnownFileType = sourcecode.c.objc; path = SAppDelegate.m; sourceTree = "<group>"; };
		9954F29D190ADAC9006B788C /* Base */ = {isa = PBXFileReference; lastKnownFileType = file.storyboard; name = Base; path = Base.lproj/Main.storyboard; sourceTree = "<group>"; };
		9954F29F190ADAC9006B788C /* SViewController.h */ = {isa = PBXFileReference; lastKnownFileType = sourcecode.c.h; path = SViewController.h; sourceTree = "<group>"; };
		9954F2A0190ADAC9006B788C /* SViewController.m */ = {isa = PBXFileReference; lastKnownFileType = sourcecode.c.objc; path = SViewController.m; sourceTree = "<group>"; };
		9954F2A2190ADAC9006B788C /* Images.xcassets */ = {isa = PBXFileReference; lastKnownFileType = folder.assetcatalog; path = Images.xcassets; sourceTree = "<group>"; };
		9954F2A8190ADAC9006B788C /* HelloKiiTests.xctest */ = {isa = PBXFileReference; explicitFileType = wrapper.cfbundle; includeInIndex = 0; path = HelloKiiTests.xctest; sourceTree = BUILT_PRODUCTS_DIR; };
		9954F2A9190ADAC9006B788C /* XCTest.framework */ = {isa = PBXFileReference; lastKnownFileType = wrapper.framework; name = XCTest.framework; path = Library/Frameworks/XCTest.framework; sourceTree = DEVELOPER_DIR; };
		9954F2B1190ADAC9006B788C /* HelloKiiTests-Info.plist */ = {isa = PBXFileReference; lastKnownFileType = text.plist.xml; path = "HelloKiiTests-Info.plist"; sourceTree = "<group>"; };
		9954F2B3190ADAC9006B788C /* en */ = {isa = PBXFileReference; lastKnownFileType = text.plist.strings; name = en; path = en.lproj/InfoPlist.strings; sourceTree = "<group>"; };
		9954F2B5190ADAC9006B788C /* HelloKiiTests.m */ = {isa = PBXFileReference; lastKnownFileType = sourcecode.c.objc; path = HelloKiiTests.m; sourceTree = "<group>"; };
		99B749CE190BB78500D6ED96 /* KiiSDK.framework */ = {isa = PBXFileReference; lastKnownFileType = wrapper.framework; path = KiiSDK.framework; sourceTree = "<group>"; };
		99B749D0190BB7F100D6ED96 /* MobileCoreServices.framework */ = {isa = PBXFileReference; lastKnownFileType = wrapper.framework; name = MobileCoreServices.framework; path = System/Library/Frameworks/MobileCoreServices.framework; sourceTree = SDKROOT; };
		99B749D2190BB7FE00D6ED96 /* Accounts.framework */ = {isa = PBXFileReference; lastKnownFileType = wrapper.framework; name = Accounts.framework; path = System/Library/Frameworks/Accounts.framework; sourceTree = SDKROOT; };
		99B749D4190BB80A00D6ED96 /* Social.framework */ = {isa = PBXFileReference; lastKnownFileType = wrapper.framework; name = Social.framework; path = System/Library/Frameworks/Social.framework; sourceTree = SDKROOT; };
		99B749D6190BB81700D6ED96 /* ImageIO.framework */ = {isa = PBXFileReference; lastKnownFileType = wrapper.framework; name = ImageIO.framework; path = System/Library/Frameworks/ImageIO.framework; sourceTree = SDKROOT; };
		99B749D8190BB82900D6ED96 /* libsqlite3.dylib */ = {isa = PBXFileReference; lastKnownFileType = "compiled.mach-o.dylib"; name = libsqlite3.dylib; path = usr/lib/libsqlite3.dylib; sourceTree = SDKROOT; };
		99B749DA190BB86400D6ED96 /* SKii_Util.h */ = {isa = PBXFileReference; fileEncoding = 4; lastKnownFileType = sourcecode.c.h; path = SKii_Util.h; sourceTree = "<group>"; };
		99B749DB190BB86400D6ED96 /* SKii_Util.m */ = {isa = PBXFileReference; fileEncoding = 4; lastKnownFileType = sourcecode.c.objc; path = SKii_Util.m; sourceTree = "<group>"; };
		99B749DF190BBC1200D6ED96 /* SEntryViewController.h */ = {isa = PBXFileReference; fileEncoding = 4; lastKnownFileType = sourcecode.c.h; path = SEntryViewController.h; sourceTree = "<group>"; };
		99B749E0190BBC1200D6ED96 /* SEntryViewController.m */ = {isa = PBXFileReference; fileEncoding = 4; lastKnownFileType = sourcecode.c.objc; path = SEntryViewController.m; sourceTree = "<group>"; };
/* End PBXFileReference section */

/* Begin PBXFrameworksBuildPhase section */
		9954F284190ADAC9006B788C /* Frameworks */ = {
			isa = PBXFrameworksBuildPhase;
			buildActionMask = 2147483647;
			files = (
				99B749D9190BB82900D6ED96 /* libsqlite3.dylib in Frameworks */,
				99B749D7190BB81700D6ED96 /* ImageIO.framework in Frameworks */,
				99B749D5190BB80A00D6ED96 /* Social.framework in Frameworks */,
				99B749D3190BB7FE00D6ED96 /* Accounts.framework in Frameworks */,
				99B749D1190BB7F100D6ED96 /* MobileCoreServices.framework in Frameworks */,
				9954F28D190ADAC9006B788C /* CoreGraphics.framework in Frameworks */,
				9954F28F190ADAC9006B788C /* UIKit.framework in Frameworks */,
				9954F28B190ADAC9006B788C /* Foundation.framework in Frameworks */,
				99B749CF190BB78500D6ED96 /* KiiSDK.framework in Frameworks */,
			);
			runOnlyForDeploymentPostprocessing = 0;
		};
		9954F2A5190ADAC9006B788C /* Frameworks */ = {
			isa = PBXFrameworksBuildPhase;
			buildActionMask = 2147483647;
			files = (
				9954F2AA190ADAC9006B788C /* XCTest.framework in Frameworks */,
				9954F2AC190ADAC9006B788C /* UIKit.framework in Frameworks */,
				9954F2AB190ADAC9006B788C /* Foundation.framework in Frameworks */,
			);
			runOnlyForDeploymentPostprocessing = 0;
		};
/* End PBXFrameworksBuildPhase section */

/* Begin PBXGroup section */
		9954F27E190ADAC9006B788C = {
			isa = PBXGroup;
			children = (
				9954F290190ADAC9006B788C /* HelloKii */,
				9954F2AF190ADAC9006B788C /* HelloKiiTests */,
				9954F289190ADAC9006B788C /* Frameworks */,
				9954F288190ADAC9006B788C /* Products */,
			);
			sourceTree = "<group>";
		};
		9954F288190ADAC9006B788C /* Products */ = {
			isa = PBXGroup;
			children = (
				9954F287190ADAC9006B788C /* HelloKii.app */,
				9954F2A8190ADAC9006B788C /* HelloKiiTests.xctest */,
			);
			name = Products;
			sourceTree = "<group>";
		};
		9954F289190ADAC9006B788C /* Frameworks */ = {
			isa = PBXGroup;
			children = (
				99B749D8190BB82900D6ED96 /* libsqlite3.dylib */,
				99B749D6190BB81700D6ED96 /* ImageIO.framework */,
				99B749D4190BB80A00D6ED96 /* Social.framework */,
				99B749D2190BB7FE00D6ED96 /* Accounts.framework */,
				99B749D0190BB7F100D6ED96 /* MobileCoreServices.framework */,
				99B749CE190BB78500D6ED96 /* KiiSDK.framework */,
				9954F28A190ADAC9006B788C /* Foundation.framework */,
				9954F28C190ADAC9006B788C /* CoreGraphics.framework */,
				9954F28E190ADAC9006B788C /* UIKit.framework */,
				9954F2A9190ADAC9006B788C /* XCTest.framework */,
			);
			name = Frameworks;
			sourceTree = "<group>";
		};
		9954F290190ADAC9006B788C /* HelloKii */ = {
			isa = PBXGroup;
			children = (
				99B749CD190AE80000D6ED96 /* code */,
				9954F29C190ADAC9006B788C /* Main.storyboard */,
				9954F2A2190ADAC9006B788C /* Images.xcassets */,
				9954F291190ADAC9006B788C /* Supporting Files */,
			);
			path = HelloKii;
			sourceTree = "<group>";
		};
		9954F291190ADAC9006B788C /* Supporting Files */ = {
			isa = PBXGroup;
			children = (
				9954F292190ADAC9006B788C /* HelloKii-Info.plist */,
				9954F293190ADAC9006B788C /* InfoPlist.strings */,
				9954F296190ADAC9006B788C /* main.m */,
				9954F298190ADAC9006B788C /* HelloKii-Prefix.pch */,
			);
			name = "Supporting Files";
			sourceTree = "<group>";
		};
		9954F2AF190ADAC9006B788C /* HelloKiiTests */ = {
			isa = PBXGroup;
			children = (
				9954F2B5190ADAC9006B788C /* HelloKiiTests.m */,
				9954F2B0190ADAC9006B788C /* Supporting Files */,
			);
			path = HelloKiiTests;
			sourceTree = "<group>";
		};
		9954F2B0190ADAC9006B788C /* Supporting Files */ = {
			isa = PBXGroup;
			children = (
				9954F2B1190ADAC9006B788C /* HelloKiiTests-Info.plist */,
				9954F2B2190ADAC9006B788C /* InfoPlist.strings */,
			);
			name = "Supporting Files";
			sourceTree = "<group>";
		};
		99B749CD190AE80000D6ED96 /* code */ = {
			isa = PBXGroup;
			children = (
				99B749DE190BBAB200D6ED96 /* util */,
				99B749DD190BBAA200D6ED96 /* viewcontroller */,
				9954F299190ADAC9006B788C /* SAppDelegate.h */,
				9954F29A190ADAC9006B788C /* SAppDelegate.m */,
			);
			name = code;
			sourceTree = "<group>";
		};
		99B749DD190BBAA200D6ED96 /* viewcontroller */ = {
			isa = PBXGroup;
			children = (
				9954F29F190ADAC9006B788C /* SViewController.h */,
				9954F2A0190ADAC9006B788C /* SViewController.m */,
				99B749DF190BBC1200D6ED96 /* SEntryViewController.h */,
				99B749E0190BBC1200D6ED96 /* SEntryViewController.m */,
			);
			name = viewcontroller;
			sourceTree = "<group>";
		};
		99B749DE190BBAB200D6ED96 /* util */ = {
			isa = PBXGroup;
			children = (
				99B749DA190BB86400D6ED96 /* SKii_Util.h */,
				99B749DB190BB86400D6ED96 /* SKii_Util.m */,
			);
			name = util;
			sourceTree = "<group>";
		};
/* End PBXGroup section */

/* Begin PBXNativeTarget section */
		9954F286190ADAC9006B788C /* HelloKii */ = {
			isa = PBXNativeTarget;
			buildConfigurationList = 9954F2B9190ADAC9006B788C /* Build configuration list for PBXNativeTarget "HelloKii" */;
			buildPhases = (
				9954F283190ADAC9006B788C /* Sources */,
				9954F284190ADAC9006B788C /* Frameworks */,
				9954F285190ADAC9006B788C /* Resources */,
			);
			buildRules = (
			);
			dependencies = (
			);
			name = HelloKii;
			productName = HelloKii;
			productReference = 9954F287190ADAC9006B788C /* HelloKii.app */;
			productType = "com.apple.product-type.application";
		};
		9954F2A7190ADAC9006B788C /* HelloKiiTests */ = {
			isa = PBXNativeTarget;
			buildConfigurationList = 9954F2BC190ADAC9006B788C /* Build configuration list for PBXNativeTarget "HelloKiiTests" */;
			buildPhases = (
				9954F2A4190ADAC9006B788C /* Sources */,
				9954F2A5190ADAC9006B788C /* Frameworks */,
				9954F2A6190ADAC9006B788C /* Resources */,
			);
			buildRules = (
			);
			dependencies = (
				9954F2AE190ADAC9006B788C /* PBXTargetDependency */,
			);
			name = HelloKiiTests;
			productName = HelloKiiTests;
			productReference = 9954F2A8190ADAC9006B788C /* HelloKiiTests.xctest */;
			productType = "com.apple.product-type.bundle.unit-test";
		};
/* End PBXNativeTarget section */

/* Begin PBXProject section */
		9954F27F190ADAC9006B788C /* Project object */ = {
			isa = PBXProject;
			attributes = {
				CLASSPREFIX = S;
				LastUpgradeCheck = 0510;
				ORGANIZATIONNAME = "@saumya";
				TargetAttributes = {
					9954F2A7190ADAC9006B788C = {
						TestTargetID = 9954F286190ADAC9006B788C;
					};
				};
			};
			buildConfigurationList = 9954F282190ADAC9006B788C /* Build configuration list for PBXProject "HelloKii" */;
			compatibilityVersion = "Xcode 3.2";
			developmentRegion = English;
			hasScannedForEncodings = 0;
			knownRegions = (
				en,
				Base,
			);
			mainGroup = 9954F27E190ADAC9006B788C;
			productRefGroup = 9954F288190ADAC9006B788C /* Products */;
			projectDirPath = "";
			projectRoot = "";
			targets = (
				9954F286190ADAC9006B788C /* HelloKii */,
				9954F2A7190ADAC9006B788C /* HelloKiiTests */,
			);
		};
/* End PBXProject section */

/* Begin PBXResourcesBuildPhase section */
		9954F285190ADAC9006B788C /* Resources */ = {
			isa = PBXResourcesBuildPhase;
			buildActionMask = 2147483647;
			files = (
				9954F2A3190ADAC9006B788C /* Images.xcassets in Resources */,
				9954F295190ADAC9006B788C /* InfoPlist.strings in Resources */,
				9954F29E190ADAC9006B788C /* Main.storyboard in Resources */,
			);
			runOnlyForDeploymentPostprocessing = 0;
		};
		9954F2A6190ADAC9006B788C /* Resources */ = {
			isa = PBXResourcesBuildPhase;
			buildActionMask = 2147483647;
			files = (
				9954F2B4190ADAC9006B788C /* InfoPlist.strings in Resources */,
			);
			runOnlyForDeploymentPostprocessing = 0;
		};
/* End PBXResourcesBuildPhase section */

/* Begin PBXSourcesBuildPhase section */
		9954F283190ADAC9006B788C /* Sources */ = {
			isa = PBXSourcesBuildPhase;
			buildActionMask = 2147483647;
			files = (
				9954F29B190ADAC9006B788C /* SAppDelegate.m in Sources */,
				9954F2A1190ADAC9006B788C /* SViewController.m in Sources */,
				99B749E1190BBC1200D6ED96 /* SEntryViewController.m in Sources */,
				9954F297190ADAC9006B788C /* main.m in Sources */,
				99B749DC190BB86400D6ED96 /* SKii_Util.m in Sources */,
			);
			runOnlyForDeploymentPostprocessing = 0;
		};
		9954F2A4190ADAC9006B788C /* Sources */ = {
			isa = PBXSourcesBuildPhase;
			buildActionMask = 2147483647;
			files = (
				9954F2B6190ADAC9006B788C /* HelloKiiTests.m in Sources */,
			);
			runOnlyForDeploymentPostprocessing = 0;
		};
/* End PBXSourcesBuildPhase section */

/* Begin PBXTargetDependency section */
		9954F2AE190ADAC9006B788C /* PBXTargetDependency */ = {
			isa = PBXTargetDependency;
			target = 9954F286190ADAC9006B788C /* HelloKii */;
			targetProxy = 9954F2AD190ADAC9006B788C /* PBXContainerItemProxy */;
		};
/* End PBXTargetDependency section */

/* Begin PBXVariantGroup section */
		9954F293190ADAC9006B788C /* InfoPlist.strings */ = {
			isa = PBXVariantGroup;
			children = (
				9954F294190ADAC9006B788C /* en */,
			);
			name = InfoPlist.strings;
			sourceTree = "<group>";
		};
		9954F29C190ADAC9006B788C /* Main.storyboard */ = {
			isa = PBXVariantGroup;
			children = (
				9954F29D190ADAC9006B788C /* Base */,
			);
			name = Main.storyboard;
			sourceTree = "<group>";
		};
		9954F2B2190ADAC9006B788C /* InfoPlist.strings */ = {
			isa = PBXVariantGroup;
			children = (
				9954F2B3190ADAC9006B788C /* en */,
			);
			name = InfoPlist.strings;
			sourceTree = "<group>";
		};
/* End PBXVariantGroup section */

/* Begin XCBuildConfiguration section */
		9954F2B7190ADAC9006B788C /* Debug */ = {
			isa = XCBuildConfiguration;
			buildSettings = {
				ALWAYS_SEARCH_USER_PATHS = NO;
				CLANG_CXX_LANGUAGE_STANDARD = "gnu++0x";
				CLANG_CXX_LIBRARY = "libc++";
				CLANG_ENABLE_MODULES = YES;
				CLANG_ENABLE_OBJC_ARC = YES;
				CLANG_WARN_BOOL_CONVERSION = YES;
				CLANG_WARN_CONSTANT_CONVERSION = YES;
				CLANG_WARN_DIRECT_OBJC_ISA_USAGE = YES_ERROR;
				CLANG_WARN_EMPTY_BODY = YES;
				CLANG_WARN_ENUM_CONVERSION = YES;
				CLANG_WARN_INT_CONVERSION = YES;
				CLANG_WARN_OBJC_ROOT_CLASS = YES_ERROR;
				CLANG_WARN__DUPLICATE_METHOD_MATCH = YES;
				"CODE_SIGN_IDENTITY[sdk=iphoneos*]" = "iPhone Developer";
				COPY_PHASE_STRIP = NO;
				GCC_C_LANGUAGE_STANDARD = gnu99;
				GCC_DYNAMIC_NO_PIC = NO;
				GCC_OPTIMIZATION_LEVEL = 0;
				GCC_PREPROCESSOR_DEFINITIONS = (
					"DEBUG=1",
					"$(inherited)",
				);
				GCC_SYMBOLS_PRIVATE_EXTERN = NO;
				GCC_WARN_64_TO_32_BIT_CONVERSION = YES;
				GCC_WARN_ABOUT_RETURN_TYPE = YES_ERROR;
				GCC_WARN_UNDECLARED_SELECTOR = YES;
				GCC_WARN_UNINITIALIZED_AUTOS = YES_AGGRESSIVE;
				GCC_WARN_UNUSED_FUNCTION = YES;
				GCC_WARN_UNUSED_VARIABLE = YES;
				IPHONEOS_DEPLOYMENT_TARGET = 7.1;
				ONLY_ACTIVE_ARCH = YES;
				SDKROOT = iphoneos;
			};
			name = Debug;
		};
		9954F2B8190ADAC9006B788C /* Release */ = {
			isa = XCBuildConfiguration;
			buildSettings = {
				ALWAYS_SEARCH_USER_PATHS = NO;
				CLANG_CXX_LANGUAGE_STANDARD = "gnu++0x";
				CLANG_CXX_LIBRARY = "libc++";
				CLANG_ENABLE_MODULES = YES;
				CLANG_ENABLE_OBJC_ARC = YES;
				CLANG_WARN_BOOL_CONVERSION = YES;
				CLANG_WARN_CONSTANT_CONVERSION = YES;
				CLANG_WARN_DIRECT_OBJC_ISA_USAGE = YES_ERROR;
				CLANG_WARN_EMPTY_BODY = YES;
				CLANG_WARN_ENUM_CONVERSION = YES;
				CLANG_WARN_INT_CONVERSION = YES;
				CLANG_WARN_OBJC_ROOT_CLASS = YES_ERROR;
				CLANG_WARN__DUPLICATE_METHOD_MATCH = YES;
				"CODE_SIGN_IDENTITY[sdk=iphoneos*]" = "iPhone Developer";
				COPY_PHASE_STRIP = YES;
				ENABLE_NS_ASSERTIONS = NO;
				GCC_C_LANGUAGE_STANDARD = gnu99;
				GCC_WARN_64_TO_32_BIT_CONVERSION = YES;
				GCC_WARN_ABOUT_RETURN_TYPE = YES_ERROR;
				GCC_WARN_UNDECLARED_SELECTOR = YES;
				GCC_WARN_UNINITIALIZED_AUTOS = YES_AGGRESSIVE;
				GCC_WARN_UNUSED_FUNCTION = YES;
				GCC_WARN_UNUSED_VARIABLE = YES;
				IPHONEOS_DEPLOYMENT_TARGET = 7.1;
				SDKROOT = iphoneos;
				VALIDATE_PRODUCT = YES;
			};
			name = Release;
		};
		9954F2BA190ADAC9006B788C /* Debug */ = {
			isa = XCBuildConfiguration;
			buildSettings = {
				ASSETCATALOG_COMPILER_APPICON_NAME = AppIcon;
				ASSETCATALOG_COMPILER_LAUNCHIMAGE_NAME = LaunchImage;
				FRAMEWORK_SEARCH_PATHS = (
					"$(inherited)",
					"$(PROJECT_DIR)",
				);
				GCC_PRECOMPILE_PREFIX_HEADER = YES;
				GCC_PREFIX_HEADER = "HelloKii/HelloKii-Prefix.pch";
				INFOPLIST_FILE = "HelloKii/HelloKii-Info.plist";
				PRODUCT_NAME = "$(TARGET_NAME)";
				WRAPPER_EXTENSION = app;
			};
			name = Debug;
		};
		9954F2BB190ADAC9006B788C /* Release */ = {
			isa = XCBuildConfiguration;
			buildSettings = {
				ASSETCATALOG_COMPILER_APPICON_NAME = AppIcon;
				ASSETCATALOG_COMPILER_LAUNCHIMAGE_NAME = LaunchImage;
				FRAMEWORK_SEARCH_PATHS = (
					"$(inherited)",
					"$(PROJECT_DIR)",
				);
				GCC_PRECOMPILE_PREFIX_HEADER = YES;
				GCC_PREFIX_HEADER = "HelloKii/HelloKii-Prefix.pch";
				INFOPLIST_FILE = "HelloKii/HelloKii-Info.plist";
				PRODUCT_NAME = "$(TARGET_NAME)";
				WRAPPER_EXTENSION = app;
			};
			name = Release;
		};
		9954F2BD190ADAC9006B788C /* Debug */ = {
			isa = XCBuildConfiguration;
			buildSettings = {
				BUNDLE_LOADER = "$(BUILT_PRODUCTS_DIR)/HelloKii.app/HelloKii";
				FRAMEWORK_SEARCH_PATHS = (
					"$(SDKROOT)/Developer/Library/Frameworks",
					"$(inherited)",
					"$(DEVELOPER_FRAMEWORKS_DIR)",
				);
				GCC_PRECOMPILE_PREFIX_HEADER = YES;
				GCC_PREFIX_HEADER = "HelloKii/HelloKii-Prefix.pch";
				GCC_PREPROCESSOR_DEFINITIONS = (
					"DEBUG=1",
					"$(inherited)",
				);
				INFOPLIST_FILE = "HelloKiiTests/HelloKiiTests-Info.plist";
				PRODUCT_NAME = "$(TARGET_NAME)";
				TEST_HOST = "$(BUNDLE_LOADER)";
				WRAPPER_EXTENSION = xctest;
			};
			name = Debug;
		};
		9954F2BE190ADAC9006B788C /* Release */ = {
			isa = XCBuildConfiguration;
			buildSettings = {
				BUNDLE_LOADER = "$(BUILT_PRODUCTS_DIR)/HelloKii.app/HelloKii";
				FRAMEWORK_SEARCH_PATHS = (
					"$(SDKROOT)/Developer/Library/Frameworks",
					"$(inherited)",
					"$(DEVELOPER_FRAMEWORKS_DIR)",
				);
				GCC_PRECOMPILE_PREFIX_HEADER = YES;
				GCC_PREFIX_HEADER = "HelloKii/HelloKii-Prefix.pch";
				INFOPLIST_FILE = "HelloKiiTests/HelloKiiTests-Info.plist";
				PRODUCT_NAME = "$(TARGET_NAME)";
				TEST_HOST = "$(BUNDLE_LOADER)";
				WRAPPER_EXTENSION = xctest;
			};
			name = Release;
		};
/* End XCBuildConfiguration section */

/* Begin XCConfigurationList section */
		9954F282190ADAC9006B788C /* Build configuration list for PBXProject "HelloKii" */ = {
			isa = XCConfigurationList;
			buildConfigurations = (
				9954F2B7190ADAC9006B788C /* Debug */,
				9954F2B8190ADAC9006B788C /* Release */,
			);
			defaultConfigurationIsVisible = 0;
			defaultConfigurationName = Release;
		};
		9954F2B9190ADAC9006B788C /* Build configuration list for PBXNativeTarget "HelloKii" */ = {
			isa = XCConfigurationList;
			buildConfigurations = (
				9954F2BA190ADAC9006B788C /* Debug */,
				9954F2BB190ADAC9006B788C /* Release */,
			);
			defaultConfigurationIsVisible = 0;
			defaultConfigurationName = Release;
		};
		9954F2BC190ADAC9006B788C /* Build configuration list for PBXNativeTarget "HelloKiiTests" */ = {
			isa = XCConfigurationList;
			buildConfigurations = (
				9954F2BD190ADAC9006B788C /* Debug */,
				9954F2BE190ADAC9006B788C /* Release */,
			);
			defaultConfigurationIsVisible = 0;
			defaultConfigurationName = Release;
		};
/* End XCConfigurationList section */
	};
	rootObject = 9954F27F190ADAC9006B788C /* Project object */;
}
